
Microsoft Visual Studio Solution File, Format Version 12.00
Project("{FAE04EC0-301F-11D3-BF4B-00C04F79EFBC}") = "HedgedEd25519DotNet", "HedgedEd25519DotNet\HedgedEd25519DotNet.csproj", "{A8E24BCB-CB0E-4431-A0CA-DB4216BB90D5}"
EndProject
Project("{FAE04EC0-301F-11D3-BF4B-00C04F79EFBC}") = "HedgedEd25519DotNetTests", "HedgedEd25519DotNetTests\HedgedEd25519DotNetTests.csproj", "{129BE314-8608-4914-87FA-71B24040ADDB}"
EndProject
Global
	GlobalSection(SolutionConfigurationPlatforms) = preSolution
		Debug|Any CPU = Debug|Any CPU
		Release|Any CPU = Release|Any CPU
	EndGlobalSection
	GlobalSection(ProjectConfigurationPlatforms) = postSolution
		{A8E24BCB-CB0E-4431-A0CA-DB4216BB90D5}.Debug|Any CPU.ActiveCfg = Debug|Any CPU
		{A8E24BCB-CB0E-4431-A0CA-DB4216BB90D5}.Debug|Any CPU.Build.0 = Debug|Any CPU
		{A8E24BCB-CB0E-4431-A0CA-DB4216BB90D5}.Release|Any CPU.ActiveCfg = Release|Any CPU
		{A8E24BCB-CB0E-4431-A0CA-DB4216BB90D5}.Release|Any CPU.Build.0 = Release|Any CPU
		{129BE314-8608-4914-87FA-71B24040ADDB}.Debug|Any CPU.ActiveCfg = Debug|Any CPU
		{129BE314-8608-4914-87FA-71B24040ADDB}.Debug|Any CPU.Build.0 = Debug|Any CPU
		{129BE314-8608-4914-87FA-71B24040ADDB}.Release|Any CPU.ActiveCfg = Release|Any CPU
		{129BE314-8608-4914-87FA-71B24040ADDB}.Release|Any CPU.Build.0 = Release|Any CPU
	EndGlobalSection
EndGlobal
